
Microsoft Visual Studio Solution File, Format Version 12.00
# Visual Studio 14
VisualStudioVersion = 14.0.25420.1
MinimumVisualStudioVersion = 10.0.40219.1
Project("{8BC9CEB8-8B4A-11D0-8D11-00A0C91BC942}") = "Polymorphism", "Polymorphism\Polymorphism.vcxproj", "{E4946BB4-174C-48A2-82DC-AA1F7BC61B9F}"
EndProject
Project("{8BC9CEB8-8B4A-11D0-8D11-00A0C91BC942}") = "ExampleUseVirtualFunction", "ExampleUseVirtualFunction\ExampleUseVirtualFunction.vcxproj", "{0DC247F2-87F5-4CF6-A401-BEB3EF12A38C}"
EndProject
Project("{8BC9CEB8-8B4A-11D0-8D11-00A0C91BC942}") = "FinalInVirtualFunctions", "FinalInVirtualFunctions\FinalInVirtualFunctions.vcxproj", "{BC6A9E98-AFD3-41CC-958F-854CD813B0B0}"
EndProject
Project("{8BC9CEB8-8B4A-11D0-8D11-00A0C91BC942}") = "EmptyVirtualFunction", "EmptyVirtualFunction\EmptyVirtualFunction.vcxproj", "{01070604-F9C4-4918-908C-D77E680EB4C0}"
EndProject
Project("{8BC9CEB8-8B4A-11D0-8D11-00A0C91BC942}") = "AbstractClass", "AbstractClass\AbstractClass.vcxproj", "{EB23B653-45DC-419E-B2FB-E3B5DA3F3A9E}"
EndProject
Project("{8BC9CEB8-8B4A-11D0-8D11-00A0C91BC942}") = "Virtual Dtor", "Virtual Dtor\Virtual Dtor.vcxproj", "{EA9EA6B2-0FE7-4491-8B7F-15565D24E966}"
EndProject
Project("{8BC9CEB8-8B4A-11D0-8D11-00A0C91BC942}") = "VptrVtab", "VptrVtab\VptrVtab.vcxproj", "{36BAA233-501F-4A91-805D-8FD8A63FF12F}"
EndProject
Project("{8BC9CEB8-8B4A-11D0-8D11-00A0C91BC942}") = "VptrAndVtab2", "VptrAndVtab2\VptrAndVtab2.vcxproj", "{38DB96A7-5C2E-4A39-9E3A-272CCE348477}"
EndProject
Project("{8BC9CEB8-8B4A-11D0-8D11-00A0C91BC942}") = "VptrSet", "VptrSet\VptrSet.vcxproj", "{5654C56D-C174-4FCA-A6E0-0000E909E5F2}"
EndProject
Project("{8BC9CEB8-8B4A-11D0-8D11-00A0C91BC942}") = "VirtualPrivateMethod", "VirtualPrivateMethod\VirtualPrivateMethod.vcxproj", "{FBA403AD-18B6-4BF7-AEFF-C97BC38E993B}"
EndProject
Project("{8BC9CEB8-8B4A-11D0-8D11-00A0C91BC942}") = "VirtualFriendMethod", "VirtualFriendMethod\VirtualFriendMethod.vcxproj", "{798A302D-794B-457A-B8AD-89C3818A5BA1}"
EndProject
Project("{8BC9CEB8-8B4A-11D0-8D11-00A0C91BC942}") = "Inline Virtual Methods", "Inline Virtual Methods\Inline Virtual Methods.vcxproj", "{A926234E-152C-4430-9286-887A4224A6DC}"
EndProject
Project("{8BC9CEB8-8B4A-11D0-8D11-00A0C91BC942}") = "functionalzamykanya 1", "functionalzamykanya 1\functionalzamykanya 1.vcxproj", "{D33D0EE6-0B4F-4351-8A53-69D69660B6D4}"
EndProject
Project("{8BC9CEB8-8B4A-11D0-8D11-00A0C91BC942}") = "functionalzamykannya 2", "functionalzamykannya 2\functionalzamykannya 2.vcxproj", "{719D5201-AEAE-4CDB-8AA8-1EAEB8CEDF41}"
EndProject
Project("{8BC9CEB8-8B4A-11D0-8D11-00A0C91BC942}") = "functionalzamykannya 3", "functionalzamykannya 3\functionalzamykannya 3.vcxproj", "{FF738A4E-3DC9-43D8-9A53-CD2F831557ED}"
EndProject
Project("{8BC9CEB8-8B4A-11D0-8D11-00A0C91BC942}") = "functionalzamykannya 4", "functionalzamykannya 4\functionalzamykannya 4.vcxproj", "{08A3BCD5-BDEF-4806-B2AD-395DF3362AA8}"
EndProject
Project("{8BC9CEB8-8B4A-11D0-8D11-00A0C91BC942}") = "VptrVtab2", "VptrVtab2\VptrVtab2.vcxproj", "{3A6805ED-DF1B-48EC-9F4C-83DFB79D1A75}"
EndProject
Project("{8BC9CEB8-8B4A-11D0-8D11-00A0C91BC942}") = "AbstractClass 2", "AbstractClass 2\AbstractClass 2.vcxproj", "{96269612-72BB-4D8C-BBE5-4DD8CDE90A70}"
EndProject
Project("{8BC9CEB8-8B4A-11D0-8D11-00A0C91BC942}") = "AbstractClass3", "AbstractClass3\AbstractClass3.vcxproj", "{5C1748C7-2807-40D2-B77C-96807A52C969}"
EndProject
Project("{8BC9CEB8-8B4A-11D0-8D11-00A0C91BC942}") = "VptrSet2", "VptrSet2\VptrSet2.vcxproj", "{27179236-6AF1-4573-81FF-31703D99C3C2}"
EndProject
Project("{8BC9CEB8-8B4A-11D0-8D11-00A0C91BC942}") = "VirtualMethod And VirtualInheratance", "VirtualMethod And VirtualInheratance\VirtualMethod And VirtualInheratance.vcxproj", "{B0DF80D6-7A39-46DC-AFD0-66877A8D8A8B}"
EndProject
Global
	GlobalSection(SolutionConfigurationPlatforms) = preSolution
		Debug|x64 = Debug|x64
		Debug|x86 = Debug|x86
		Release|x64 = Release|x64
		Release|x86 = Release|x86
	EndGlobalSection
	GlobalSection(ProjectConfigurationPlatforms) = postSolution
		{E4946BB4-174C-48A2-82DC-AA1F7BC61B9F}.Debug|x64.ActiveCfg = Debug|x64
		{E4946BB4-174C-48A2-82DC-AA1F7BC61B9F}.Debug|x64.Build.0 = Debug|x64
		{E4946BB4-174C-48A2-82DC-AA1F7BC61B9F}.Debug|x86.ActiveCfg = Debug|Win32
		{E4946BB4-174C-48A2-82DC-AA1F7BC61B9F}.Debug|x86.Build.0 = Debug|Win32
		{E4946BB4-174C-48A2-82DC-AA1F7BC61B9F}.Release|x64.ActiveCfg = Release|x64
		{E4946BB4-174C-48A2-82DC-AA1F7BC61B9F}.Release|x64.Build.0 = Release|x64
		{E4946BB4-174C-48A2-82DC-AA1F7BC61B9F}.Release|x86.ActiveCfg = Release|Win32
		{E4946BB4-174C-48A2-82DC-AA1F7BC61B9F}.Release|x86.Build.0 = Release|Win32
		{0DC247F2-87F5-4CF6-A401-BEB3EF12A38C}.Debug|x64.ActiveCfg = Debug|x64
		{0DC247F2-87F5-4CF6-A401-BEB3EF12A38C}.Debug|x64.Build.0 = Debug|x64
		{0DC247F2-87F5-4CF6-A401-BEB3EF12A38C}.Debug|x86.ActiveCfg = Debug|Win32
		{0DC247F2-87F5-4CF6-A401-BEB3EF12A38C}.Debug|x86.Build.0 = Debug|Win32
		{0DC247F2-87F5-4CF6-A401-BEB3EF12A38C}.Release|x64.ActiveCfg = Release|x64
		{0DC247F2-87F5-4CF6-A401-BEB3EF12A38C}.Release|x64.Build.0 = Release|x64
		{0DC247F2-87F5-4CF6-A401-BEB3EF12A38C}.Release|x86.ActiveCfg = Release|Win32
		{0DC247F2-87F5-4CF6-A401-BEB3EF12A38C}.Release|x86.Build.0 = Release|Win32
		{BC6A9E98-AFD3-41CC-958F-854CD813B0B0}.Debug|x64.ActiveCfg = Debug|x64
		{BC6A9E98-AFD3-41CC-958F-854CD813B0B0}.Debug|x64.Build.0 = Debug|x64
		{BC6A9E98-AFD3-41CC-958F-854CD813B0B0}.Debug|x86.ActiveCfg = Debug|Win32
		{BC6A9E98-AFD3-41CC-958F-854CD813B0B0}.Debug|x86.Build.0 = Debug|Win32
		{BC6A9E98-AFD3-41CC-958F-854CD813B0B0}.Release|x64.ActiveCfg = Release|x64
		{BC6A9E98-AFD3-41CC-958F-854CD813B0B0}.Release|x64.Build.0 = Release|x64
		{BC6A9E98-AFD3-41CC-958F-854CD813B0B0}.Release|x86.ActiveCfg = Release|Win32
		{BC6A9E98-AFD3-41CC-958F-854CD813B0B0}.Release|x86.Build.0 = Release|Win32
		{01070604-F9C4-4918-908C-D77E680EB4C0}.Debug|x64.ActiveCfg = Debug|x64
		{01070604-F9C4-4918-908C-D77E680EB4C0}.Debug|x64.Build.0 = Debug|x64
		{01070604-F9C4-4918-908C-D77E680EB4C0}.Debug|x86.ActiveCfg = Debug|Win32
		{01070604-F9C4-4918-908C-D77E680EB4C0}.Debug|x86.Build.0 = Debug|Win32
		{01070604-F9C4-4918-908C-D77E680EB4C0}.Release|x64.ActiveCfg = Release|x64
		{01070604-F9C4-4918-908C-D77E680EB4C0}.Release|x64.Build.0 = Release|x64
		{01070604-F9C4-4918-908C-D77E680EB4C0}.Release|x86.ActiveCfg = Release|Win32
		{01070604-F9C4-4918-908C-D77E680EB4C0}.Release|x86.Build.0 = Release|Win32
		{EB23B653-45DC-419E-B2FB-E3B5DA3F3A9E}.Debug|x64.ActiveCfg = Debug|x64
		{EB23B653-45DC-419E-B2FB-E3B5DA3F3A9E}.Debug|x64.Build.0 = Debug|x64
		{EB23B653-45DC-419E-B2FB-E3B5DA3F3A9E}.Debug|x86.ActiveCfg = Debug|Win32
		{EB23B653-45DC-419E-B2FB-E3B5DA3F3A9E}.Debug|x86.Build.0 = Debug|Win32
		{EB23B653-45DC-419E-B2FB-E3B5DA3F3A9E}.Release|x64.ActiveCfg = Release|x64
		{EB23B653-45DC-419E-B2FB-E3B5DA3F3A9E}.Release|x64.Build.0 = Release|x64
		{EB23B653-45DC-419E-B2FB-E3B5DA3F3A9E}.Release|x86.ActiveCfg = Release|Win32
		{EB23B653-45DC-419E-B2FB-E3B5DA3F3A9E}.Release|x86.Build.0 = Release|Win32
		{EA9EA6B2-0FE7-4491-8B7F-15565D24E966}.Debug|x64.ActiveCfg = Debug|x64
		{EA9EA6B2-0FE7-4491-8B7F-15565D24E966}.Debug|x64.Build.0 = Debug|x64
		{EA9EA6B2-0FE7-4491-8B7F-15565D24E966}.Debug|x86.ActiveCfg = Debug|Win32
		{EA9EA6B2-0FE7-4491-8B7F-15565D24E966}.Debug|x86.Build.0 = Debug|Win32
		{EA9EA6B2-0FE7-4491-8B7F-15565D24E966}.Release|x64.ActiveCfg = Release|x64
		{EA9EA6B2-0FE7-4491-8B7F-15565D24E966}.Release|x64.Build.0 = Release|x64
		{EA9EA6B2-0FE7-4491-8B7F-15565D24E966}.Release|x86.ActiveCfg = Release|Win32
		{EA9EA6B2-0FE7-4491-8B7F-15565D24E966}.Release|x86.Build.0 = Release|Win32
		{36BAA233-501F-4A91-805D-8FD8A63FF12F}.Debug|x64.ActiveCfg = Debug|x64
		{36BAA233-501F-4A91-805D-8FD8A63FF12F}.Debug|x64.Build.0 = Debug|x64
		{36BAA233-501F-4A91-805D-8FD8A63FF12F}.Debug|x86.ActiveCfg = Debug|Win32
		{36BAA233-501F-4A91-805D-8FD8A63FF12F}.Debug|x86.Build.0 = Debug|Win32
		{36BAA233-501F-4A91-805D-8FD8A63FF12F}.Release|x64.ActiveCfg = Release|x64
		{36BAA233-501F-4A91-805D-8FD8A63FF12F}.Release|x64.Build.0 = Release|x64
		{36BAA233-501F-4A91-805D-8FD8A63FF12F}.Release|x86.ActiveCfg = Release|Win32
		{36BAA233-501F-4A91-805D-8FD8A63FF12F}.Release|x86.Build.0 = Release|Win32
		{38DB96A7-5C2E-4A39-9E3A-272CCE348477}.Debug|x64.ActiveCfg = Debug|x64
		{38DB96A7-5C2E-4A39-9E3A-272CCE348477}.Debug|x64.Build.0 = Debug|x64
		{38DB96A7-5C2E-4A39-9E3A-272CCE348477}.Debug|x86.ActiveCfg = Debug|Win32
		{38DB96A7-5C2E-4A39-9E3A-272CCE348477}.Debug|x86.Build.0 = Debug|Win32
		{38DB96A7-5C2E-4A39-9E3A-272CCE348477}.Release|x64.ActiveCfg = Release|x64
		{38DB96A7-5C2E-4A39-9E3A-272CCE348477}.Release|x64.Build.0 = Release|x64
		{38DB96A7-5C2E-4A39-9E3A-272CCE348477}.Release|x86.ActiveCfg = Release|Win32
		{38DB96A7-5C2E-4A39-9E3A-272CCE348477}.Release|x86.Build.0 = Release|Win32
		{5654C56D-C174-4FCA-A6E0-0000E909E5F2}.Debug|x64.ActiveCfg = Debug|x64
		{5654C56D-C174-4FCA-A6E0-0000E909E5F2}.Debug|x64.Build.0 = Debug|x64
		{5654C56D-C174-4FCA-A6E0-0000E909E5F2}.Debug|x86.ActiveCfg = Debug|Win32
		{5654C56D-C174-4FCA-A6E0-0000E909E5F2}.Debug|x86.Build.0 = Debug|Win32
		{5654C56D-C174-4FCA-A6E0-0000E909E5F2}.Release|x64.ActiveCfg = Release|x64
		{5654C56D-C174-4FCA-A6E0-0000E909E5F2}.Release|x64.Build.0 = Release|x64
		{5654C56D-C174-4FCA-A6E0-0000E909E5F2}.Release|x86.ActiveCfg = Release|Win32
		{5654C56D-C174-4FCA-A6E0-0000E909E5F2}.Release|x86.Build.0 = Release|Win32
		{FBA403AD-18B6-4BF7-AEFF-C97BC38E993B}.Debug|x64.ActiveCfg = Debug|x64
		{FBA403AD-18B6-4BF7-AEFF-C97BC38E993B}.Debug|x64.Build.0 = Debug|x64
		{FBA403AD-18B6-4BF7-AEFF-C97BC38E993B}.Debug|x86.ActiveCfg = Debug|Win32
		{FBA403AD-18B6-4BF7-AEFF-C97BC38E993B}.Debug|x86.Build.0 = Debug|Win32
		{FBA403AD-18B6-4BF7-AEFF-C97BC38E993B}.Release|x64.ActiveCfg = Release|x64
		{FBA403AD-18B6-4BF7-AEFF-C97BC38E993B}.Release|x64.Build.0 = Release|x64
		{FBA403AD-18B6-4BF7-AEFF-C97BC38E993B}.Release|x86.ActiveCfg = Release|Win32
		{FBA403AD-18B6-4BF7-AEFF-C97BC38E993B}.Release|x86.Build.0 = Release|Win32
		{798A302D-794B-457A-B8AD-89C3818A5BA1}.Debug|x64.ActiveCfg = Debug|x64
		{798A302D-794B-457A-B8AD-89C3818A5BA1}.Debug|x64.Build.0 = Debug|x64
		{798A302D-794B-457A-B8AD-89C3818A5BA1}.Debug|x86.ActiveCfg = Debug|Win32
		{798A302D-794B-457A-B8AD-89C3818A5BA1}.Debug|x86.Build.0 = Debug|Win32
		{798A302D-794B-457A-B8AD-89C3818A5BA1}.Release|x64.ActiveCfg = Release|x64
		{798A302D-794B-457A-B8AD-89C3818A5BA1}.Release|x64.Build.0 = Release|x64
		{798A302D-794B-457A-B8AD-89C3818A5BA1}.Release|x86.ActiveCfg = Release|Win32
		{798A302D-794B-457A-B8AD-89C3818A5BA1}.Release|x86.Build.0 = Release|Win32
		{A926234E-152C-4430-9286-887A4224A6DC}.Debug|x64.ActiveCfg = Debug|x64
		{A926234E-152C-4430-9286-887A4224A6DC}.Debug|x64.Build.0 = Debug|x64
		{A926234E-152C-4430-9286-887A4224A6DC}.Debug|x86.ActiveCfg = Debug|Win32
		{A926234E-152C-4430-9286-887A4224A6DC}.Debug|x86.Build.0 = Debug|Win32
		{A926234E-152C-4430-9286-887A4224A6DC}.Release|x64.ActiveCfg = Release|x64
		{A926234E-152C-4430-9286-887A4224A6DC}.Release|x64.Build.0 = Release|x64
		{A926234E-152C-4430-9286-887A4224A6DC}.Release|x86.ActiveCfg = Release|Win32
		{A926234E-152C-4430-9286-887A4224A6DC}.Release|x86.Build.0 = Release|Win32
		{D33D0EE6-0B4F-4351-8A53-69D69660B6D4}.Debug|x64.ActiveCfg = Debug|x64
		{D33D0EE6-0B4F-4351-8A53-69D69660B6D4}.Debug|x64.Build.0 = Debug|x64
		{D33D0EE6-0B4F-4351-8A53-69D69660B6D4}.Debug|x86.ActiveCfg = Debug|Win32
		{D33D0EE6-0B4F-4351-8A53-69D69660B6D4}.Debug|x86.Build.0 = Debug|Win32
		{D33D0EE6-0B4F-4351-8A53-69D69660B6D4}.Release|x64.ActiveCfg = Release|x64
		{D33D0EE6-0B4F-4351-8A53-69D69660B6D4}.Release|x64.Build.0 = Release|x64
		{D33D0EE6-0B4F-4351-8A53-69D69660B6D4}.Release|x86.ActiveCfg = Release|Win32
		{D33D0EE6-0B4F-4351-8A53-69D69660B6D4}.Release|x86.Build.0 = Release|Win32
		{719D5201-AEAE-4CDB-8AA8-1EAEB8CEDF41}.Debug|x64.ActiveCfg = Debug|x64
		{719D5201-AEAE-4CDB-8AA8-1EAEB8CEDF41}.Debug|x64.Build.0 = Debug|x64
		{719D5201-AEAE-4CDB-8AA8-1EAEB8CEDF41}.Debug|x86.ActiveCfg = Debug|Win32
		{719D5201-AEAE-4CDB-8AA8-1EAEB8CEDF41}.Debug|x86.Build.0 = Debug|Win32
		{719D5201-AEAE-4CDB-8AA8-1EAEB8CEDF41}.Release|x64.ActiveCfg = Release|x64
		{719D5201-AEAE-4CDB-8AA8-1EAEB8CEDF41}.Release|x64.Build.0 = Release|x64
		{719D5201-AEAE-4CDB-8AA8-1EAEB8CEDF41}.Release|x86.ActiveCfg = Release|Win32
		{719D5201-AEAE-4CDB-8AA8-1EAEB8CEDF41}.Release|x86.Build.0 = Release|Win32
		{FF738A4E-3DC9-43D8-9A53-CD2F831557ED}.Debug|x64.ActiveCfg = Debug|x64
		{FF738A4E-3DC9-43D8-9A53-CD2F831557ED}.Debug|x64.Build.0 = Debug|x64
		{FF738A4E-3DC9-43D8-9A53-CD2F831557ED}.Debug|x86.ActiveCfg = Debug|Win32
		{FF738A4E-3DC9-43D8-9A53-CD2F831557ED}.Debug|x86.Build.0 = Debug|Win32
		{FF738A4E-3DC9-43D8-9A53-CD2F831557ED}.Release|x64.ActiveCfg = Release|x64
		{FF738A4E-3DC9-43D8-9A53-CD2F831557ED}.Release|x64.Build.0 = Release|x64
		{FF738A4E-3DC9-43D8-9A53-CD2F831557ED}.Release|x86.ActiveCfg = Release|Win32
		{FF738A4E-3DC9-43D8-9A53-CD2F831557ED}.Release|x86.Build.0 = Release|Win32
		{08A3BCD5-BDEF-4806-B2AD-395DF3362AA8}.Debug|x64.ActiveCfg = Debug|x64
		{08A3BCD5-BDEF-4806-B2AD-395DF3362AA8}.Debug|x64.Build.0 = Debug|x64
		{08A3BCD5-BDEF-4806-B2AD-395DF3362AA8}.Debug|x86.ActiveCfg = Debug|Win32
		{08A3BCD5-BDEF-4806-B2AD-395DF3362AA8}.Debug|x86.Build.0 = Debug|Win32
		{08A3BCD5-BDEF-4806-B2AD-395DF3362AA8}.Release|x64.ActiveCfg = Release|x64
		{08A3BCD5-BDEF-4806-B2AD-395DF3362AA8}.Release|x64.Build.0 = Release|x64
		{08A3BCD5-BDEF-4806-B2AD-395DF3362AA8}.Release|x86.ActiveCfg = Release|Win32
		{08A3BCD5-BDEF-4806-B2AD-395DF3362AA8}.Release|x86.Build.0 = Release|Win32
		{3A6805ED-DF1B-48EC-9F4C-83DFB79D1A75}.Debug|x64.ActiveCfg = Debug|x64
		{3A6805ED-DF1B-48EC-9F4C-83DFB79D1A75}.Debug|x64.Build.0 = Debug|x64
		{3A6805ED-DF1B-48EC-9F4C-83DFB79D1A75}.Debug|x86.ActiveCfg = Debug|Win32
		{3A6805ED-DF1B-48EC-9F4C-83DFB79D1A75}.Debug|x86.Build.0 = Debug|Win32
		{3A6805ED-DF1B-48EC-9F4C-83DFB79D1A75}.Release|x64.ActiveCfg = Release|x64
		{3A6805ED-DF1B-48EC-9F4C-83DFB79D1A75}.Release|x64.Build.0 = Release|x64
		{3A6805ED-DF1B-48EC-9F4C-83DFB79D1A75}.Release|x86.ActiveCfg = Release|Win32
		{3A6805ED-DF1B-48EC-9F4C-83DFB79D1A75}.Release|x86.Build.0 = Release|Win32
		{96269612-72BB-4D8C-BBE5-4DD8CDE90A70}.Debug|x64.ActiveCfg = Debug|x64
		{96269612-72BB-4D8C-BBE5-4DD8CDE90A70}.Debug|x64.Build.0 = Debug|x64
		{96269612-72BB-4D8C-BBE5-4DD8CDE90A70}.Debug|x86.ActiveCfg = Debug|Win32
		{96269612-72BB-4D8C-BBE5-4DD8CDE90A70}.Debug|x86.Build.0 = Debug|Win32
		{96269612-72BB-4D8C-BBE5-4DD8CDE90A70}.Release|x64.ActiveCfg = Release|x64
		{96269612-72BB-4D8C-BBE5-4DD8CDE90A70}.Release|x64.Build.0 = Release|x64
		{96269612-72BB-4D8C-BBE5-4DD8CDE90A70}.Release|x86.ActiveCfg = Release|Win32
		{96269612-72BB-4D8C-BBE5-4DD8CDE90A70}.Release|x86.Build.0 = Release|Win32
		{5C1748C7-2807-40D2-B77C-96807A52C969}.Debug|x64.ActiveCfg = Debug|x64
		{5C1748C7-2807-40D2-B77C-96807A52C969}.Debug|x64.Build.0 = Debug|x64
		{5C1748C7-2807-40D2-B77C-96807A52C969}.Debug|x86.ActiveCfg = Debug|Win32
		{5C1748C7-2807-40D2-B77C-96807A52C969}.Debug|x86.Build.0 = Debug|Win32
		{5C1748C7-2807-40D2-B77C-96807A52C969}.Release|x64.ActiveCfg = Release|x64
		{5C1748C7-2807-40D2-B77C-96807A52C969}.Release|x64.Build.0 = Release|x64
		{5C1748C7-2807-40D2-B77C-96807A52C969}.Release|x86.ActiveCfg = Release|Win32
		{5C1748C7-2807-40D2-B77C-96807A52C969}.Release|x86.Build.0 = Release|Win32
		{27179236-6AF1-4573-81FF-31703D99C3C2}.Debug|x64.ActiveCfg = Debug|x64
		{27179236-6AF1-4573-81FF-31703D99C3C2}.Debug|x64.Build.0 = Debug|x64
		{27179236-6AF1-4573-81FF-31703D99C3C2}.Debug|x86.ActiveCfg = Debug|Win32
		{27179236-6AF1-4573-81FF-31703D99C3C2}.Debug|x86.Build.0 = Debug|Win32
		{27179236-6AF1-4573-81FF-31703D99C3C2}.Release|x64.ActiveCfg = Release|x64
		{27179236-6AF1-4573-81FF-31703D99C3C2}.Release|x64.Build.0 = Release|x64
		{27179236-6AF1-4573-81FF-31703D99C3C2}.Release|x86.ActiveCfg = Release|Win32
		{27179236-6AF1-4573-81FF-31703D99C3C2}.Release|x86.Build.0 = Release|Win32
		{B0DF80D6-7A39-46DC-AFD0-66877A8D8A8B}.Debug|x64.ActiveCfg = Debug|x64
		{B0DF80D6-7A39-46DC-AFD0-66877A8D8A8B}.Debug|x64.Build.0 = Debug|x64
		{B0DF80D6-7A39-46DC-AFD0-66877A8D8A8B}.Debug|x86.ActiveCfg = Debug|Win32
		{B0DF80D6-7A39-46DC-AFD0-66877A8D8A8B}.Debug|x86.Build.0 = Debug|Win32
		{B0DF80D6-7A39-46DC-AFD0-66877A8D8A8B}.Release|x64.ActiveCfg = Release|x64
		{B0DF80D6-7A39-46DC-AFD0-66877A8D8A8B}.Release|x64.Build.0 = Release|x64
		{B0DF80D6-7A39-46DC-AFD0-66877A8D8A8B}.Release|x86.ActiveCfg = Release|Win32
		{B0DF80D6-7A39-46DC-AFD0-66877A8D8A8B}.Release|x86.Build.0 = Release|Win32
	EndGlobalSection
	GlobalSection(SolutionProperties) = preSolution
		HideSolutionNode = FALSE
	EndGlobalSection
EndGlobal
